
Microsoft Visual Studio Solution File, Format Version 12.00
# Visual Studio 15
VisualStudioVersion = 15.0.28307.1927
MinimumVisualStudioVersion = 10.0.40219.1
Project("{FAE04EC0-301F-11D3-BF4B-00C04F79EFBC}") = "DailyProduction_TesAGIT_SekarPuspita _Soal 1", "DailyProduction_TesAGIT_SekarPuspita _Soal 1\DailyProduction_TesAGIT_SekarPuspita _Soal 1.csproj", "{7B9A55F8-49BC-49DD-8015-02B8DD2A527B}"
EndProject
Global
	GlobalSection(SolutionConfigurationPlatforms) = preSolution
		Debug|Any CPU = Debug|Any CPU
		Release|Any CPU = Release|Any CPU
	EndGlobalSection
	GlobalSection(ProjectConfigurationPlatforms) = postSolution
		{7B9A55F8-49BC-49DD-8015-02B8DD2A527B}.Debug|Any CPU.ActiveCfg = Debug|Any CPU
		{7B9A55F8-49BC-49DD-8015-02B8DD2A527B}.Debug|Any CPU.Build.0 = Debug|Any CPU
		{7B9A55F8-49BC-49DD-8015-02B8DD2A527B}.Release|Any CPU.ActiveCfg = Release|Any CPU
		{7B9A55F8-49BC-49DD-8015-02B8DD2A527B}.Release|Any CPU.Build.0 = Release|Any CPU
	EndGlobalSection
	GlobalSection(SolutionProperties) = preSolution
		HideSolutionNode = FALSE
	EndGlobalSection
	GlobalSection(ExtensibilityGlobals) = postSolution
		SolutionGuid = {1E71162A-C99D-4526-A819-EBE67305EA71}
	EndGlobalSection
EndGlobal
